// !$*UTF8*$!
{
	archiveVersion = 1;
	classes = {
	};
	objectVersion = 56;
	objects = {

/* Begin PBXBuildFile section */
		BDB81DCA2C0E952300C73B5C /* AppDelegate.swift in Sources */ = {isa = PBXBuildFile; fileRef = BDB81DC92C0E952300C73B5C /* AppDelegate.swift */; };
		BDB81DCC2C0E952300C73B5C /* SceneDelegate.swift in Sources */ = {isa = PBXBuildFile; fileRef = BDB81DCB2C0E952300C73B5C /* SceneDelegate.swift */; };
		BDB81DCE2C0E952300C73B5C /* ViewController.swift in Sources */ = {isa = PBXBuildFile; fileRef = BDB81DCD2C0E952300C73B5C /* ViewController.swift */; };
		BDB81DD12C0E952300C73B5C /* Base in Resources */ = {isa = PBXBuildFile; fileRef = BDB81DD02C0E952300C73B5C /* Base */; };
		BDB81DD32C0E952400C73B5C /* Assets.xcassets in Resources */ = {isa = PBXBuildFile; fileRef = BDB81DD22C0E952400C73B5C /* Assets.xcassets */; };
		BDB81DD62C0E952400C73B5C /* Base in Resources */ = {isa = PBXBuildFile; fileRef = BDB81DD52C0E952400C73B5C /* Base */; };
		BDB81DE12C0E952500C73B5C /* JsonDataTests.swift in Sources */ = {isa = PBXBuildFile; fileRef = BDB81DE02C0E952500C73B5C /* JsonDataTests.swift */; };
		BDB81DEB2C0E952500C73B5C /* JsonDataUITests.swift in Sources */ = {isa = PBXBuildFile; fileRef = BDB81DEA2C0E952500C73B5C /* JsonDataUITests.swift */; };
		BDB81DED2C0E952500C73B5C /* JsonDataUITestsLaunchTests.swift in Sources */ = {isa = PBXBuildFile; fileRef = BDB81DEC2C0E952500C73B5C /* JsonDataUITestsLaunchTests.swift */; };
/* End PBXBuildFile section */

/* Begin PBXContainerItemProxy section */
		BDB81DDD2C0E952400C73B5C /* PBXContainerItemProxy */ = {
			isa = PBXContainerItemProxy;
			containerPortal = BDB81DBE2C0E952300C73B5C /* Project object */;
			proxyType = 1;
			remoteGlobalIDString = BDB81DC52C0E952300C73B5C;
			remoteInfo = JsonData;
		};
		BDB81DE72C0E952500C73B5C /* PBXContainerItemProxy */ = {
			isa = PBXContainerItemProxy;
			containerPortal = BDB81DBE2C0E952300C73B5C /* Project object */;
			proxyType = 1;
			remoteGlobalIDString = BDB81DC52C0E952300C73B5C;
			remoteInfo = JsonData;
		};
/* End PBXContainerItemProxy section */

/* Begin PBXFileReference section */
		BDB81DC62C0E952300C73B5C /* JsonData.app */ = {isa = PBXFileReference; explicitFileType = wrapper.application; includeInIndex = 0; path = JsonData.app; sourceTree = BUILT_PRODUCTS_DIR; };
		BDB81DC92C0E952300C73B5C /* AppDelegate.swift */ = {isa = PBXFileReference; lastKnownFileType = sourcecode.swift; path = AppDelegate.swift; sourceTree = "<group>"; };
		BDB81DCB2C0E952300C73B5C /* SceneDelegate.swift */ = {isa = PBXFileReference; lastKnownFileType = sourcecode.swift; path = SceneDelegate.swift; sourceTree = "<group>"; };
		BDB81DCD2C0E952300C73B5C /* ViewController.swift */ = {isa = PBXFileReference; lastKnownFileType = sourcecode.swift; path = ViewController.swift; sourceTree = "<group>"; };
		BDB81DD02C0E952300C73B5C /* Base */ = {isa = PBXFileReference; lastKnownFileType = file.storyboard; name = Base; path = Base.lproj/Main.storyboard; sourceTree = "<group>"; };
		BDB81DD22C0E952400C73B5C /* Assets.xcassets */ = {isa = PBXFileReference; lastKnownFileType = folder.assetcatalog; path = Assets.xcassets; sourceTree = "<group>"; };
		BDB81DD52C0E952400C73B5C /* Base */ = {isa = PBXFileReference; lastKnownFileType = file.storyboard; name = Base; path = Base.lproj/LaunchScreen.storyboard; sourceTree = "<group>"; };
		BDB81DD72C0E952400C73B5C /* Info.plist */ = {isa = PBXFileReference; lastKnownFileType = text.plist.xml; path = Info.plist; sourceTree = "<group>"; };
		BDB81DDC2C0E952400C73B5C /* JsonDataTests.xctest */ = {isa = PBXFileReference; explicitFileType = wrapper.cfbundle; includeInIndex = 0; path = JsonDataTests.xctest; sourceTree = BUILT_PRODUCTS_DIR; };
		BDB81DE02C0E952500C73B5C /* JsonDataTests.swift */ = {isa = PBXFileReference; lastKnownFileType = sourcecode.swift; path = JsonDataTests.swift; sourceTree = "<group>"; };
		BDB81DE62C0E952500C73B5C /* JsonDataUITests.xctest */ = {isa = PBXFileReference; explicitFileType = wrapper.cfbundle; includeInIndex = 0; path = JsonDataUITests.xctest; sourceTree = BUILT_PRODUCTS_DIR; };
		BDB81DEA2C0E952500C73B5C /* JsonDataUITests.swift */ = {isa = PBXFileReference; lastKnownFileType = sourcecode.swift; path = JsonDataUITests.swift; sourceTree = "<group>"; };
		BDB81DEC2C0E952500C73B5C /* JsonDataUITestsLaunchTests.swift */ = {isa = PBXFileReference; lastKnownFileType = sourcecode.swift; path = JsonDataUITestsLaunchTests.swift; sourceTree = "<group>"; };
/* End PBXFileReference section */

/* Begin PBXFrameworksBuildPhase section */
		BDB81DC32C0E952300C73B5C /* Frameworks */ = {
			isa = PBXFrameworksBuildPhase;
			buildActionMask = 2147483647;
			files = (
			);
			runOnlyForDeploymentPostprocessing = 0;
		};
		BDB81DD92C0E952400C73B5C /* Frameworks */ = {
			isa = PBXFrameworksBuildPhase;
			buildActionMask = 2147483647;
			files = (
			);
			runOnlyForDeploymentPostprocessing = 0;
		};
		BDB81DE32C0E952500C73B5C /* Frameworks */ = {
			isa = PBXFrameworksBuildPhase;
			buildActionMask = 2147483647;
			files = (
			);
			runOnlyForDeploymentPostprocessing = 0;
		};
/* End PBXFrameworksBuildPhase section */

/* Begin PBXGroup section */
		BDB81DBD2C0E952300C73B5C = {
			isa = PBXGroup;
			children = (
				BDB81DC82C0E952300C73B5C /* JsonData */,
				BDB81DDF2C0E952500C73B5C /* JsonDataTests */,
				BDB81DE92C0E952500C73B5C /* JsonDataUITests */,
				BDB81DC72C0E952300C73B5C /* Products */,
			);
			sourceTree = "<group>";
		};
		BDB81DC72C0E952300C73B5C /* Products */ = {
			isa = PBXGroup;
			children = (
				BDB81DC62C0E952300C73B5C /* JsonData.app */,
				BDB81DDC2C0E952400C73B5C /* JsonDataTests.xctest */,
				BDB81DE62C0E952500C73B5C /* JsonDataUITests.xctest */,
			);
			name = Products;
			sourceTree = "<group>";
		};
		BDB81DC82C0E952300C73B5C /* JsonData */ = {
			isa = PBXGroup;
			children = (
				BDB81DC92C0E952300C73B5C /* AppDelegate.swift */,
				BDB81DCB2C0E952300C73B5C /* SceneDelegate.swift */,
				BDB81DCD2C0E952300C73B5C /* ViewController.swift */,
				BDB81DCF2C0E952300C73B5C /* Main.storyboard */,
				BDB81DD22C0E952400C73B5C /* Assets.xcassets */,
				BDB81DD42C0E952400C73B5C /* LaunchScreen.storyboard */,
				BDB81DD72C0E952400C73B5C /* Info.plist */,
			);
			path = JsonData;
			sourceTree = "<group>";
		};
		BDB81DDF2C0E952500C73B5C /* JsonDataTests */ = {
			isa = PBXGroup;
			children = (
				BDB81DE02C0E952500C73B5C /* JsonDataTests.swift */,
			);
			path = JsonDataTests;
			sourceTree = "<group>";
		};
		BDB81DE92C0E952500C73B5C /* JsonDataUITests */ = {
			isa = PBXGroup;
			children = (
				BDB81DEA2C0E952500C73B5C /* JsonDataUITests.swift */,
				BDB81DEC2C0E952500C73B5C /* JsonDataUITestsLaunchTests.swift */,
			);
			path = JsonDataUITests;
			sourceTree = "<group>";
		};
/* End PBXGroup section */

/* Begin PBXNativeTarget section */
		BDB81DC52C0E952300C73B5C /* JsonData */ = {
			isa = PBXNativeTarget;
			buildConfigurationList = BDB81DF02C0E952500C73B5C /* Build configuration list for PBXNativeTarget "JsonData" */;
			buildPhases = (
				BDB81DC22C0E952300C73B5C /* Sources */,
				BDB81DC32C0E952300C73B5C /* Frameworks */,
				BDB81DC42C0E952300C73B5C /* Resources */,
			);
			buildRules = (
			);
			dependencies = (
			);
			name = JsonData;
			productName = JsonData;
			productReference = BDB81DC62C0E952300C73B5C /* JsonData.app */;
			productType = "com.apple.product-type.application";
		};
		BDB81DDB2C0E952400C73B5C /* JsonDataTests */ = {
			isa = PBXNativeTarget;
			buildConfigurationList = BDB81DF32C0E952500C73B5C /* Build configuration list for PBXNativeTarget "JsonDataTests" */;
			buildPhases = (
				BDB81DD82C0E952400C73B5C /* Sources */,
				BDB81DD92C0E952400C73B5C /* Frameworks */,
				BDB81DDA2C0E952400C73B5C /* Resources */,
			);
			buildRules = (
			);
			dependencies = (
				BDB81DDE2C0E952400C73B5C /* PBXTargetDependency */,
			);
			name = JsonDataTests;
			productName = JsonDataTests;
			productReference = BDB81DDC2C0E952400C73B5C /* JsonDataTests.xctest */;
			productType = "com.apple.product-type.bundle.unit-test";
		};
		BDB81DE52C0E952500C73B5C /* JsonDataUITests */ = {
			isa = PBXNativeTarget;
			buildConfigurationList = BDB81DF62C0E952500C73B5C /* Build configuration list for PBXNativeTarget "JsonDataUITests" */;
			buildPhases = (
				BDB81DE22C0E952500C73B5C /* Sources */,
				BDB81DE32C0E952500C73B5C /* Frameworks */,
				BDB81DE42C0E952500C73B5C /* Resources */,
			);
			buildRules = (
			);
			dependencies = (
				BDB81DE82C0E952500C73B5C /* PBXTargetDependency */,
			);
			name = JsonDataUITests;
			productName = JsonDataUITests;
			productReference = BDB81DE62C0E952500C73B5C /* JsonDataUITests.xctest */;
			productType = "com.apple.product-type.bundle.ui-testing";
		};
/* End PBXNativeTarget section */

/* Begin PBXProject section */
		BDB81DBE2C0E952300C73B5C /* Project object */ = {
			isa = PBXProject;
			attributes = {
				BuildIndependentTargetsInParallel = 1;
				LastSwiftUpdateCheck = 1530;
				LastUpgradeCheck = 1530;
				TargetAttributes = {
					BDB81DC52C0E952300C73B5C = {
						CreatedOnToolsVersion = 15.3;
					};
					BDB81DDB2C0E952400C73B5C = {
						CreatedOnToolsVersion = 15.3;
						TestTargetID = BDB81DC52C0E952300C73B5C;
					};
					BDB81DE52C0E952500C73B5C = {
						CreatedOnToolsVersion = 15.3;
						TestTargetID = BDB81DC52C0E952300C73B5C;
					};
				};
			};
			buildConfigurationList = BDB81DC12C0E952300C73B5C /* Build configuration list for PBXProject "JsonData" */;
			compatibilityVersion = "Xcode 14.0";
			developmentRegion = en;
			hasScannedForEncodings = 0;
			knownRegions = (
				en,
				Base,
			);
			mainGroup = BDB81DBD2C0E952300C73B5C;
			productRefGroup = BDB81DC72C0E952300C73B5C /* Products */;
			projectDirPath = "";
			projectRoot = "";
			targets = (
				BDB81DC52C0E952300C73B5C /* JsonData */,
				BDB81DDB2C0E952400C73B5C /* JsonDataTests */,
				BDB81DE52C0E952500C73B5C /* JsonDataUITests */,
			);
		};
/* End PBXProject section */

/* Begin PBXResourcesBuildPhase section */
		BDB81DC42C0E952300C73B5C /* Resources */ = {
			isa = PBXResourcesBuildPhase;
			buildActionMask = 2147483647;
			files = (
				BDB81DD32C0E952400C73B5C /* Assets.xcassets in Resources */,
				BDB81DD62C0E952400C73B5C /* Base in Resources */,
				BDB81DD12C0E952300C73B5C /* Base in Resources */,
			);
			runOnlyForDeploymentPostprocessing = 0;
		};
		BDB81DDA2C0E952400C73B5C /* Resources */ = {
			isa = PBXResourcesBuildPhase;
			buildActionMask = 2147483647;
			files = (
			);
			runOnlyForDeploymentPostprocessing = 0;
		};
		BDB81DE42C0E952500C73B5C /* Resources */ = {
			isa = PBXResourcesBuildPhase;
			buildActionMask = 2147483647;
			files = (
			);
			runOnlyForDeploymentPostprocessing = 0;
		};
/* End PBXResourcesBuildPhase section */

/* Begin PBXSourcesBuildPhase section */
		BDB81DC22C0E952300C73B5C /* Sources */ = {
			isa = PBXSourcesBuildPhase;
			buildActionMask = 2147483647;
			files = (
				BDB81DCE2C0E952300C73B5C /* ViewController.swift in Sources */,
				BDB81DCA2C0E952300C73B5C /* AppDelegate.swift in Sources */,
				BDB81DCC2C0E952300C73B5C /* SceneDelegate.swift in Sources */,
			);
			runOnlyForDeploymentPostprocessing = 0;
		};
		BDB81DD82C0E952400C73B5C /* Sources */ = {
			isa = PBXSourcesBuildPhase;
			buildActionMask = 2147483647;
			files = (
				BDB81DE12C0E952500C73B5C /* JsonDataTests.swift in Sources */,
			);
			runOnlyForDeploymentPostprocessing = 0;
		};
		BDB81DE22C0E952500C73B5C /* Sources */ = {
			isa = PBXSourcesBuildPhase;
			buildActionMask = 2147483647;
			files = (
				BDB81DED2C0E952500C73B5C /* JsonDataUITestsLaunchTests.swift in Sources */,
				BDB81DEB2C0E952500C73B5C /* JsonDataUITests.swift in Sources */,
			);
			runOnlyForDeploymentPostprocessing = 0;
		};
/* End PBXSourcesBuildPhase section */

/* Begin PBXTargetDependency section */
		BDB81DDE2C0E952400C73B5C /* PBXTargetDependency */ = {
			isa = PBXTargetDependency;
			target = BDB81DC52C0E952300C73B5C /* JsonData */;
			targetProxy = BDB81DDD2C0E952400C73B5C /* PBXContainerItemProxy */;
		};
		BDB81DE82C0E952500C73B5C /* PBXTargetDependency */ = {
			isa = PBXTargetDependency;
			target = BDB81DC52C0E952300C73B5C /* JsonData */;
			targetProxy = BDB81DE72C0E952500C73B5C /* PBXContainerItemProxy */;
		};
/* End PBXTargetDependency section */

/* Begin PBXVariantGroup section */
		BDB81DCF2C0E952300C73B5C /* Main.storyboard */ = {
			isa = PBXVariantGroup;
			children = (
				BDB81DD02C0E952300C73B5C /* Base */,
			);
			name = Main.storyboard;
			sourceTree = "<group>";
		};
		BDB81DD42C0E952400C73B5C /* LaunchScreen.storyboard */ = {
			isa = PBXVariantGroup;
			children = (
				BDB81DD52C0E952400C73B5C /* Base */,
			);
			name = LaunchScreen.storyboard;
			sourceTree = "<group>";
		};
/* End PBXVariantGroup section */

/* Begin XCBuildConfiguration section */
		BDB81DEE2C0E952500C73B5C /* Debug */ = {
			isa = XCBuildConfiguration;
			buildSettings = {
				ALWAYS_SEARCH_USER_PATHS = NO;
				ASSETCATALOG_COMPILER_GENERATE_SWIFT_ASSET_SYMBOL_EXTENSIONS = YES;
				CLANG_ANALYZER_NONNULL = YES;
				CLANG_ANALYZER_NUMBER_OBJECT_CONVERSION = YES_AGGRESSIVE;
				CLANG_CXX_LANGUAGE_STANDARD = "gnu++20";
				CLANG_ENABLE_MODULES = YES;
				CLANG_ENABLE_OBJC_ARC = YES;
				CLANG_ENABLE_OBJC_WEAK = YES;
				CLANG_WARN_BLOCK_CAPTURE_AUTORELEASING = YES;
				CLANG_WARN_BOOL_CONVERSION = YES;
				CLANG_WARN_COMMA = YES;
				CLANG_WARN_CONSTANT_CONVERSION = YES;
				CLANG_WARN_DEPRECATED_OBJC_IMPLEMENTATIONS = YES;
				CLANG_WARN_DIRECT_OBJC_ISA_USAGE = YES_ERROR;
				CLANG_WARN_DOCUMENTATION_COMMENTS = YES;
				CLANG_WARN_EMPTY_BODY = YES;
				CLANG_WARN_ENUM_CONVERSION = YES;
				CLANG_WARN_INFINITE_RECURSION = YES;
				CLANG_WARN_INT_CONVERSION = YES;
				CLANG_WARN_NON_LITERAL_NULL_CONVERSION = YES;
				CLANG_WARN_OBJC_IMPLICIT_RETAIN_SELF = YES;
				CLANG_WARN_OBJC_LITERAL_CONVERSION = YES;
				CLANG_WARN_OBJC_ROOT_CLASS = YES_ERROR;
				CLANG_WARN_QUOTED_INCLUDE_IN_FRAMEWORK_HEADER = YES;
				CLANG_WARN_RANGE_LOOP_ANALYSIS = YES;
				CLANG_WARN_STRICT_PROTOTYPES = YES;
				CLANG_WARN_SUSPICIOUS_MOVE = YES;
				CLANG_WARN_UNGUARDED_AVAILABILITY = YES_AGGRESSIVE;
				CLANG_WARN_UNREACHABLE_CODE = YES;
				CLANG_WARN__DUPLICATE_METHOD_MATCH = YES;
				COPY_PHASE_STRIP = NO;
				DEBUG_INFORMATION_FORMAT = dwarf;
				ENABLE_STRICT_OBJC_MSGSEND = YES;
				ENABLE_TESTABILITY = YES;
				ENABLE_USER_SCRIPT_SANDBOXING = YES;
				GCC_C_LANGUAGE_STANDARD = gnu17;
				GCC_DYNAMIC_NO_PIC = NO;
				GCC_NO_COMMON_BLOCKS = YES;
				GCC_OPTIMIZATION_LEVEL = 0;
				GCC_PREPROCESSOR_DEFINITIONS = (
					"DEBUG=1",
					"$(inherited)",
				);
				GCC_WARN_64_TO_32_BIT_CONVERSION = YES;
				GCC_WARN_ABOUT_RETURN_TYPE = YES_ERROR;
				GCC_WARN_UNDECLARED_SELECTOR = YES;
				GCC_WARN_UNINITIALIZED_AUTOS = YES_AGGRESSIVE;
				GCC_WARN_UNUSED_FUNCTION = YES;
				GCC_WARN_UNUSED_VARIABLE = YES;
				IPHONEOS_DEPLOYMENT_TARGET = 17.4;
				LOCALIZATION_PREFERS_STRING_CATALOGS = YES;
				MTL_ENABLE_DEBUG_INFO = INCLUDE_SOURCE;
				MTL_FAST_MATH = YES;
				ONLY_ACTIVE_ARCH = YES;
				SDKROOT = iphoneos;
				SWIFT_ACTIVE_COMPILATION_CONDITIONS = "DEBUG $(inherited)";
				SWIFT_OPTIMIZATION_LEVEL = "-Onone";
			};
			name = Debug;
		};
		BDB81DEF2C0E952500C73B5C /* Release */ = {
			isa = XCBuildConfiguration;
			buildSettings = {
				ALWAYS_SEARCH_USER_PATHS = NO;
				ASSETCATALOG_COMPILER_GENERATE_SWIFT_ASSET_SYMBOL_EXTENSIONS = YES;
				CLANG_ANALYZER_NONNULL = YES;
				CLANG_ANALYZER_NUMBER_OBJECT_CONVERSION = YES_AGGRESSIVE;
				CLANG_CXX_LANGUAGE_STANDARD = "gnu++20";
				CLANG_ENABLE_MODULES = YES;
				CLANG_ENABLE_OBJC_ARC = YES;
				CLANG_ENABLE_OBJC_WEAK = YES;
				CLANG_WARN_BLOCK_CAPTURE_AUTORELEASING = YES;
				CLANG_WARN_BOOL_CONVERSION = YES;
				CLANG_WARN_COMMA = YES;
				CLANG_WARN_CONSTANT_CONVERSION = YES;
				CLANG_WARN_DEPRECATED_OBJC_IMPLEMENTATIONS = YES;
				CLANG_WARN_DIRECT_OBJC_ISA_USAGE = YES_ERROR;
				CLANG_WARN_DOCUMENTATION_COMMENTS = YES;
				CLANG_WARN_EMPTY_BODY = YES;
				CLANG_WARN_ENUM_CONVERSION = YES;
				CLANG_WARN_INFINITE_RECURSION = YES;
				CLANG_WARN_INT_CONVERSION = YES;
				CLANG_WARN_NON_LITERAL_NULL_CONVERSION = YES;
				CLANG_WARN_OBJC_IMPLICIT_RETAIN_SELF = YES;
				CLANG_WARN_OBJC_LITERAL_CONVERSION = YES;
				CLANG_WARN_OBJC_ROOT_CLASS = YES_ERROR;
				CLANG_WARN_QUOTED_INCLUDE_IN_FRAMEWORK_HEADER = YES;
				CLANG_WARN_RANGE_LOOP_ANALYSIS = YES;
				CLANG_WARN_STRICT_PROTOTYPES = YES;
				CLANG_WARN_SUSPICIOUS_MOVE = YES;
				CLANG_WARN_UNGUARDED_AVAILABILITY = YES_AGGRESSIVE;
				CLANG_WARN_UNREACHABLE_CODE = YES;
				CLANG_WARN__DUPLICATE_METHOD_MATCH = YES;
				COPY_PHASE_STRIP = NO;
				DEBUG_INFORMATION_FORMAT = "dwarf-with-dsym";
				ENABLE_NS_ASSERTIONS = NO;
				ENABLE_STRICT_OBJC_MSGSEND = YES;
				ENABLE_USER_SCRIPT_SANDBOXING = YES;
				GCC_C_LANGUAGE_STANDARD = gnu17;
				GCC_NO_COMMON_BLOCKS = YES;
				GCC_WARN_64_TO_32_BIT_CONVERSION = YES;
				GCC_WARN_ABOUT_RETURN_TYPE = YES_ERROR;
				GCC_WARN_UNDECLARED_SELECTOR = YES;
				GCC_WARN_UNINITIALIZED_AUTOS = YES_AGGRESSIVE;
				GCC_WARN_UNUSED_FUNCTION = YES;
				GCC_WARN_UNUSED_VARIABLE = YES;
				IPHONEOS_DEPLOYMENT_TARGET = 17.4;
				LOCALIZATION_PREFERS_STRING_CATALOGS = YES;
				MTL_ENABLE_DEBUG_INFO = NO;
				MTL_FAST_MATH = YES;
				SDKROOT = iphoneos;
				SWIFT_COMPILATION_MODE = wholemodule;
				VALIDATE_PRODUCT = YES;
			};
			name = Release;
		};
		BDB81DF12C0E952500C73B5C /* Debug */ = {
			isa = XCBuildConfiguration;
			buildSettings = {
				ASSETCATALOG_COMPILER_APPICON_NAME = AppIcon;
				ASSETCATALOG_COMPILER_GLOBAL_ACCENT_COLOR_NAME = AccentColor;
				CODE_SIGN_STYLE = Automatic;
				CURRENT_PROJECT_VERSION = 1;
				GENERATE_INFOPLIST_FILE = YES;
				INFOPLIST_FILE = JsonData/Info.plist;
				INFOPLIST_KEY_UIApplicationSupportsIndirectInputEvents = YES;
				INFOPLIST_KEY_UILaunchStoryboardName = LaunchScreen;
				INFOPLIST_KEY_UIMainStoryboardFile = Main;
				INFOPLIST_KEY_UISupportedInterfaceOrientations_iPad = "UIInterfaceOrientationPortrait UIInterfaceOrientationPortraitUpsideDown UIInterfaceOrientationLandscapeLeft UIInterfaceOrientationLandscapeRight";
				INFOPLIST_KEY_UISupportedInterfaceOrientations_iPhone = "UIInterfaceOrientationPortrait UIInterfaceOrientationLandscapeLeft UIInterfaceOrientationLandscapeRight";
				LD_RUNPATH_SEARCH_PATHS = (
					"$(inherited)",
					"@executable_path/Frameworks",
				);
				MARKETING_VERSION = 1.0;
				PRODUCT_BUNDLE_IDENTIFIER = com.plexustechnology.JsonData;
				PRODUCT_NAME = "$(TARGET_NAME)";
				SWIFT_EMIT_LOC_STRINGS = YES;
				SWIFT_VERSION = 5.0;
				TARGETED_DEVICE_FAMILY = "1,2";
			};
			name = Debug;
		};
		BDB81DF22C0E952500C73B5C /* Release */ = {
			isa = XCBuildConfiguration;
			buildSettings = {
				ASSETCATALOG_COMPILER_APPICON_NAME = AppIcon;
				ASSETCATALOG_COMPILER_GLOBAL_ACCENT_COLOR_NAME = AccentColor;
				CODE_SIGN_STYLE = Automatic;
				CURRENT_PROJECT_VERSION = 1;
				GENERATE_INFOPLIST_FILE = YES;
				INFOPLIST_FILE = JsonData/Info.plist;
				INFOPLIST_KEY_UIApplicationSupportsIndirectInputEvents = YES;
				INFOPLIST_KEY_UILaunchStoryboardName = LaunchScreen;
				INFOPLIST_KEY_UIMainStoryboardFile = Main;
				INFOPLIST_KEY_UISupportedInterfaceOrientations_iPad = "UIInterfaceOrientationPortrait UIInterfaceOrientationPortraitUpsideDown UIInterfaceOrientationLandscapeLeft UIInterfaceOrientationLandscapeRight";
				INFOPLIST_KEY_UISupportedInterfaceOrientations_iPhone = "UIInterfaceOrientationPortrait UIInterfaceOrientationLandscapeLeft UIInterfaceOrientationLandscapeRight";
				LD_RUNPATH_SEARCH_PATHS = (
					"$(inherited)",
					"@executable_path/Frameworks",
				);
				MARKETING_VERSION = 1.0;
				PRODUCT_BUNDLE_IDENTIFIER = com.plexustechnology.JsonData;
				PRODUCT_NAME = "$(TARGET_NAME)";
				SWIFT_EMIT_LOC_STRINGS = YES;
				SWIFT_VERSION = 5.0;
				TARGETED_DEVICE_FAMILY = "1,2";
			};
			name = Release;
		};
		BDB81DF42C0E952500C73B5C /* Debug */ = {
			isa = XCBuildConfiguration;
			buildSettings = {
				ALWAYS_EMBED_SWIFT_STANDARD_LIBRARIES = YES;
				BUNDLE_LOADER = "$(TEST_HOST)";
				CODE_SIGN_STYLE = Automatic;
				CURRENT_PROJECT_VERSION = 1;
				GENERATE_INFOPLIST_FILE = YES;
				IPHONEOS_DEPLOYMENT_TARGET = 17.4;
				MARKETING_VERSION = 1.0;
				PRODUCT_BUNDLE_IDENTIFIER = com.plexustechnology.JsonDataTests;
				PRODUCT_NAME = "$(TARGET_NAME)";
				SWIFT_EMIT_LOC_STRINGS = NO;
				SWIFT_VERSION = 5.0;
				TARGETED_DEVICE_FAMILY = "1,2";
				TEST_HOST = "$(BUILT_PRODUCTS_DIR)/JsonData.app/$(BUNDLE_EXECUTABLE_FOLDER_PATH)/JsonData";
			};
			name = Debug;
		};
		BDB81DF52C0E952500C73B5C /* Release */ = {
			isa = XCBuildConfiguration;
			buildSettings = {
				ALWAYS_EMBED_SWIFT_STANDARD_LIBRARIES = YES;
				BUNDLE_LOADER = "$(TEST_HOST)";
				CODE_SIGN_STYLE = Automatic;
				CURRENT_PROJECT_VERSION = 1;
				GENERATE_INFOPLIST_FILE = YES;
				IPHONEOS_DEPLOYMENT_TARGET = 17.4;
				MARKETING_VERSION = 1.0;
				PRODUCT_BUNDLE_IDENTIFIER = com.plexustechnology.JsonDataTests;
				PRODUCT_NAME = "$(TARGET_NAME)";
				SWIFT_EMIT_LOC_STRINGS = NO;
				SWIFT_VERSION = 5.0;
				TARGETED_DEVICE_FAMILY = "1,2";
				TEST_HOST = "$(BUILT_PRODUCTS_DIR)/JsonData.app/$(BUNDLE_EXECUTABLE_FOLDER_PATH)/JsonData";
			};
			name = Release;
		};
		BDB81DF72C0E952500C73B5C /* Debug */ = {
			isa = XCBuildConfiguration;
			buildSettings = {
				ALWAYS_EMBED_SWIFT_STANDARD_LIBRARIES = YES;
				CODE_SIGN_STYLE = Automatic;
				CURRENT_PROJECT_VERSION = 1;
				GENERATE_INFOPLIST_FILE = YES;
				MARKETING_VERSION = 1.0;
				PRODUCT_BUNDLE_IDENTIFIER = com.plexustechnology.JsonDataUITests;
				PRODUCT_NAME = "$(TARGET_NAME)";
				SWIFT_EMIT_LOC_STRINGS = NO;
				SWIFT_VERSION = 5.0;
				TARGETED_DEVICE_FAMILY = "1,2";
				TEST_TARGET_NAME = JsonData;
			};
			name = Debug;
		};
		BDB81DF82C0E952500C73B5C /* Release */ = {
			isa = XCBuildConfiguration;
			buildSettings = {
				ALWAYS_EMBED_SWIFT_STANDARD_LIBRARIES = YES;
				CODE_SIGN_STYLE = Automatic;
				CURRENT_PROJECT_VERSION = 1;
				GENERATE_INFOPLIST_FILE = YES;
				MARKETING_VERSION = 1.0;
				PRODUCT_BUNDLE_IDENTIFIER = com.plexustechnology.JsonDataUITests;
				PRODUCT_NAME = "$(TARGET_NAME)";
				SWIFT_EMIT_LOC_STRINGS = NO;
				SWIFT_VERSION = 5.0;
				TARGETED_DEVICE_FAMILY = "1,2";
				TEST_TARGET_NAME = JsonData;
			};
			name = Release;
		};
/* End XCBuildConfiguration section */

/* Begin XCConfigurationList section */
		BDB81DC12C0E952300C73B5C /* Build configuration list for PBXProject "JsonData" */ = {
			isa = XCConfigurationList;
			buildConfigurations = (
				BDB81DEE2C0E952500C73B5C /* Debug */,
				BDB81DEF2C0E952500C73B5C /* Release */,
			);
			defaultConfigurationIsVisible = 0;
			defaultConfigurationName = Release;
		};
		BDB81DF02C0E952500C73B5C /* Build configuration list for PBXNativeTarget "JsonData" */ = {
			isa = XCConfigurationList;
			buildConfigurations = (
				BDB81DF12C0E952500C73B5C /* Debug */,
				BDB81DF22C0E952500C73B5C /* Release */,
			);
			defaultConfigurationIsVisible = 0;
			defaultConfigurationName = Release;
		};
		BDB81DF32C0E952500C73B5C /* Build configuration list for PBXNativeTarget "JsonDataTests" */ = {
			isa = XCConfigurationList;
			buildConfigurations = (
				BDB81DF42C0E952500C73B5C /* Debug */,
				BDB81DF52C0E952500C73B5C /* Release */,
			);
			defaultConfigurationIsVisible = 0;
			defaultConfigurationName = Release;
		};
		BDB81DF62C0E952500C73B5C /* Build configuration list for PBXNativeTarget "JsonDataUITests" */ = {
			isa = XCConfigurationList;
			buildConfigurations = (
				BDB81DF72C0E952500C73B5C /* Debug */,
				BDB81DF82C0E952500C73B5C /* Release */,
			);
			defaultConfigurationIsVisible = 0;
			defaultConfigurationName = Release;
		};
/* End XCConfigurationList section */
	};
	rootObject = BDB81DBE2C0E952300C73B5C /* Project object */;
}
